{
    "_readme": [
        "This file locks the dependencies of your project to a known state",
        "Read more about it at https://getcomposer.org/doc/01-basic-usage.md#installing-dependencies",
        "This file is @generated automatically"
    ],
    "content-hash": "872b379ef4174ba13138b0aa82bede2e",
    "packages": [
        {
            "name": "j7mbo/twitter-api-php",
            "version": "1.0.6",
            "source": {
                "type": "git",
                "url": "https://github.com/J7mbo/twitter-api-php.git",
                "reference": "443d22c53d621b3cc6b7e0c56daa60c5ada033f7"
            },
            "dist": {
                "type": "zip",
                "url": "https://api.github.com/repos/J7mbo/twitter-api-php/zipball/443d22c53d621b3cc6b7e0c56daa60c5ada033f7",
                "reference": "443d22c53d621b3cc6b7e0c56daa60c5ada033f7",
                "shasum": ""
            },
            "require": {
                "ext-curl": "*"
            },
            "require-dev": {
                "phpunit/phpunit": "~4.5,>=4.5.1"
            },
            "type": "library",
            "extra": {
                "branch-alias": {
                    "dev-master": "1.0-dev"
                }
            },
            "autoload": {
                "classmap": [
                    "TwitterAPIExchange.php"
                ]
            },
            "notification-url": "https://packagist.org/downloads/",
            "license": [
                "GNU Public License"
            ],
            "authors": [
                {
                    "name": "James Mallison",
                    "homepage": "https://github.com/j7mbo/twitter-api-php"
                }
            ],
            "description": "Simple PHP Wrapper for Twitter API v1.1 calls",
            "homepage": "https://github.com/j7mbo/twitter-api-php",
            "keywords": [
                "api",
                "php",
                "twitter"
            ],
            "time": "2017-05-08T12:10:56+00:00"
        }
    ],
    "packages-dev": [],
    "aliases": [],
    "minimum-stability": "stable",
    "stability-flags": [],
    "prefer-stable": false,
    "prefer-lowest": false,
    "platform": {
        "php": ">=7.0"
    },
    "platform-dev": []
}
